// !$*UTF8*$!
{
	archiveVersion = 1;
	classes = {
	};
	objectVersion = 50;
	objects = {

/* Begin PBXBuildFile section */
		8788C3A02629ECDB0084A1F8 /* Tests_iOS.swift in Sources */ = {isa = PBXBuildFile; fileRef = 8788C39F2629ECDB0084A1F8 /* Tests_iOS.swift */; };
		8788C3AB2629ECDB0084A1F8 /* Tests_macOS.swift in Sources */ = {isa = PBXBuildFile; fileRef = 8788C3AA2629ECDB0084A1F8 /* Tests_macOS.swift */; };
		8788C3AD2629ECDB0084A1F8 /* SandwichesApp.swift in Sources */ = {isa = PBXBuildFile; fileRef = 8788C3842629ECD30084A1F8 /* SandwichesApp.swift */; };
		8788C3AE2629ECDB0084A1F8 /* SandwichesApp.swift in Sources */ = {isa = PBXBuildFile; fileRef = 8788C3842629ECD30084A1F8 /* SandwichesApp.swift */; };
		8788C3AF2629ECDB0084A1F8 /* ContentView.swift in Sources */ = {isa = PBXBuildFile; fileRef = 8788C3852629ECD30084A1F8 /* ContentView.swift */; };
		8788C3B02629ECDB0084A1F8 /* ContentView.swift in Sources */ = {isa = PBXBuildFile; fileRef = 8788C3852629ECD30084A1F8 /* ContentView.swift */; };
		8788C3C62629EFC70084A1F8 /* Sandwich.swift in Sources */ = {isa = PBXBuildFile; fileRef = 8788C3C52629EFC70084A1F8 /* Sandwich.swift */; };
		8788C3C72629EFC70084A1F8 /* Sandwich.swift in Sources */ = {isa = PBXBuildFile; fileRef = 8788C3C52629EFC70084A1F8 /* Sandwich.swift */; };
		8788C3CD2629F1AC0084A1F8 /* Sandwiches.xcassets in Resources */ = {isa = PBXBuildFile; fileRef = 8788C3CC2629F1AC0084A1F8 /* Sandwiches.xcassets */; };
		8788C3CE2629F1AC0084A1F8 /* Sandwiches.xcassets in Resources */ = {isa = PBXBuildFile; fileRef = 8788C3CC2629F1AC0084A1F8 /* Sandwiches.xcassets */; };
		8788C3E7262C82050084A1F8 /* SandwichDetail.swift in Sources */ = {isa = PBXBuildFile; fileRef = 8788C3E6262C82050084A1F8 /* SandwichDetail.swift */; };
		8788C3E8262C82050084A1F8 /* SandwichDetail.swift in Sources */ = {isa = PBXBuildFile; fileRef = 8788C3E6262C82050084A1F8 /* SandwichDetail.swift */; };
		879C3335262F4F100027DB0C /* SandwichStore.swift in Sources */ = {isa = PBXBuildFile; fileRef = 879C3334262F4F100027DB0C /* SandwichStore.swift */; };
		879C3336262F4F100027DB0C /* SandwichStore.swift in Sources */ = {isa = PBXBuildFile; fileRef = 879C3334262F4F100027DB0C /* SandwichStore.swift */; };
/* End PBXBuildFile section */

/* Begin PBXContainerItemProxy section */
		8788C39C2629ECDB0084A1F8 /* PBXContainerItemProxy */ = {
			isa = PBXContainerItemProxy;
			containerPortal = 8788C37F2629ECD30084A1F8 /* Project object */;
			proxyType = 1;
			remoteGlobalIDString = 8788C38A2629ECDB0084A1F8;
			remoteInfo = "Sandwiches (iOS)";
		};
		8788C3A72629ECDB0084A1F8 /* PBXContainerItemProxy */ = {
			isa = PBXContainerItemProxy;
			containerPortal = 8788C37F2629ECD30084A1F8 /* Project object */;
			proxyType = 1;
			remoteGlobalIDString = 8788C3922629ECDB0084A1F8;
			remoteInfo = "Sandwiches (macOS)";
		};
/* End PBXContainerItemProxy section */

/* Begin PBXFileReference section */
		8788C3842629ECD30084A1F8 /* SandwichesApp.swift */ = {isa = PBXFileReference; lastKnownFileType = sourcecode.swift; path = SandwichesApp.swift; sourceTree = "<group>"; };
		8788C3852629ECD30084A1F8 /* ContentView.swift */ = {isa = PBXFileReference; lastKnownFileType = sourcecode.swift; path = ContentView.swift; sourceTree = "<group>"; };
		8788C38B2629ECDB0084A1F8 /* Sandwiches.app */ = {isa = PBXFileReference; explicitFileType = wrapper.application; includeInIndex = 0; path = Sandwiches.app; sourceTree = BUILT_PRODUCTS_DIR; };
		8788C38E2629ECDB0084A1F8 /* Info.plist */ = {isa = PBXFileReference; lastKnownFileType = text.plist.xml; path = Info.plist; sourceTree = "<group>"; };
		8788C3932629ECDB0084A1F8 /* Sandwiches.app */ = {isa = PBXFileReference; explicitFileType = wrapper.application; includeInIndex = 0; path = Sandwiches.app; sourceTree = BUILT_PRODUCTS_DIR; };
		8788C3952629ECDB0084A1F8 /* Info.plist */ = {isa = PBXFileReference; lastKnownFileType = text.plist.xml; path = Info.plist; sourceTree = "<group>"; };
		8788C3962629ECDB0084A1F8 /* macOS.entitlements */ = {isa = PBXFileReference; lastKnownFileType = text.plist.entitlements; path = macOS.entitlements; sourceTree = "<group>"; };
		8788C39B2629ECDB0084A1F8 /* Tests iOS.xctest */ = {isa = PBXFileReference; explicitFileType = wrapper.cfbundle; includeInIndex = 0; path = "Tests iOS.xctest"; sourceTree = BUILT_PRODUCTS_DIR; };
		8788C39F2629ECDB0084A1F8 /* Tests_iOS.swift */ = {isa = PBXFileReference; lastKnownFileType = sourcecode.swift; path = Tests_iOS.swift; sourceTree = "<group>"; };
		8788C3A12629ECDB0084A1F8 /* Info.plist */ = {isa = PBXFileReference; lastKnownFileType = text.plist.xml; path = Info.plist; sourceTree = "<group>"; };
		8788C3A62629ECDB0084A1F8 /* Tests macOS.xctest */ = {isa = PBXFileReference; explicitFileType = wrapper.cfbundle; includeInIndex = 0; path = "Tests macOS.xctest"; sourceTree = BUILT_PRODUCTS_DIR; };
		8788C3AA2629ECDB0084A1F8 /* Tests_macOS.swift */ = {isa = PBXFileReference; lastKnownFileType = sourcecode.swift; path = Tests_macOS.swift; sourceTree = "<group>"; };
		8788C3AC2629ECDB0084A1F8 /* Info.plist */ = {isa = PBXFileReference; lastKnownFileType = text.plist.xml; path = Info.plist; sourceTree = "<group>"; };
		8788C3C52629EFC70084A1F8 /* Sandwich.swift */ = {isa = PBXFileReference; lastKnownFileType = sourcecode.swift; path = Sandwich.swift; sourceTree = "<group>"; };
		8788C3CC2629F1AC0084A1F8 /* Sandwiches.xcassets */ = {isa = PBXFileReference; lastKnownFileType = folder.assetcatalog; name = Sandwiches.xcassets; path = "../../SwiftAssets/Sandwichs-iOS14-WWDC-Tutorial/Shared/Sandwiches.xcassets"; sourceTree = "<group>"; };
		8788C3E6262C82050084A1F8 /* SandwichDetail.swift */ = {isa = PBXFileReference; lastKnownFileType = sourcecode.swift; path = SandwichDetail.swift; sourceTree = "<group>"; };
		879C3334262F4F100027DB0C /* SandwichStore.swift */ = {isa = PBXFileReference; lastKnownFileType = sourcecode.swift; path = SandwichStore.swift; sourceTree = "<group>"; };
/* End PBXFileReference section */

/* Begin PBXFrameworksBuildPhase section */
		8788C3882629ECDB0084A1F8 /* Frameworks */ = {
			isa = PBXFrameworksBuildPhase;
			buildActionMask = 2147483647;
			files = (
			);
			runOnlyForDeploymentPostprocessing = 0;
		};
		8788C3902629ECDB0084A1F8 /* Frameworks */ = {
			isa = PBXFrameworksBuildPhase;
			buildActionMask = 2147483647;
			files = (
			);
			runOnlyForDeploymentPostprocessing = 0;
		};
		8788C3982629ECDB0084A1F8 /* Frameworks */ = {
			isa = PBXFrameworksBuildPhase;
			buildActionMask = 2147483647;
			files = (
			);
			runOnlyForDeploymentPostprocessing = 0;
		};
		8788C3A32629ECDB0084A1F8 /* Frameworks */ = {
			isa = PBXFrameworksBuildPhase;
			buildActionMask = 2147483647;
			files = (
			);
			runOnlyForDeploymentPostprocessing = 0;
		};
/* End PBXFrameworksBuildPhase section */

/* Begin PBXGroup section */
		8788C37E2629ECD30084A1F8 = {
			isa = PBXGroup;
			children = (
				8788C3832629ECD30084A1F8 /* Shared */,
				8788C38D2629ECDB0084A1F8 /* iOS */,
				8788C3942629ECDB0084A1F8 /* macOS */,
				8788C39E2629ECDB0084A1F8 /* Tests iOS */,
				8788C3A92629ECDB0084A1F8 /* Tests macOS */,
				8788C38C2629ECDB0084A1F8 /* Products */,
			);
			sourceTree = "<group>";
		};
		8788C3832629ECD30084A1F8 /* Shared */ = {
			isa = PBXGroup;
			children = (
				8788C3842629ECD30084A1F8 /* SandwichesApp.swift */,
				8788C3852629ECD30084A1F8 /* ContentView.swift */,
				8788C3E6262C82050084A1F8 /* SandwichDetail.swift */,
				8788C3C52629EFC70084A1F8 /* Sandwich.swift */,
				8788C3CC2629F1AC0084A1F8 /* Sandwiches.xcassets */,
				879C3334262F4F100027DB0C /* SandwichStore.swift */,
			);
			path = Shared;
			sourceTree = "<group>";
		};
		8788C38C2629ECDB0084A1F8 /* Products */ = {
			isa = PBXGroup;
			children = (
				8788C38B2629ECDB0084A1F8 /* Sandwiches.app */,
				8788C3932629ECDB0084A1F8 /* Sandwiches.app */,
				8788C39B2629ECDB0084A1F8 /* Tests iOS.xctest */,
				8788C3A62629ECDB0084A1F8 /* Tests macOS.xctest */,
			);
			name = Products;
			sourceTree = "<group>";
		};
		8788C38D2629ECDB0084A1F8 /* iOS */ = {
			isa = PBXGroup;
			children = (
				8788C38E2629ECDB0084A1F8 /* Info.plist */,
			);
			path = iOS;
			sourceTree = "<group>";
		};
		8788C3942629ECDB0084A1F8 /* macOS */ = {
			isa = PBXGroup;
			children = (
				8788C3952629ECDB0084A1F8 /* Info.plist */,
				8788C3962629ECDB0084A1F8 /* macOS.entitlements */,
			);
			path = macOS;
			sourceTree = "<group>";
		};
		8788C39E2629ECDB0084A1F8 /* Tests iOS */ = {
			isa = PBXGroup;
			children = (
				8788C39F2629ECDB0084A1F8 /* Tests_iOS.swift */,
				8788C3A12629ECDB0084A1F8 /* Info.plist */,
			);
			path = "Tests iOS";
			sourceTree = "<group>";
		};
		8788C3A92629ECDB0084A1F8 /* Tests macOS */ = {
			isa = PBXGroup;
			children = (
				8788C3AA2629ECDB0084A1F8 /* Tests_macOS.swift */,
				8788C3AC2629ECDB0084A1F8 /* Info.plist */,
			);
			path = "Tests macOS";
			sourceTree = "<group>";
		};
/* End PBXGroup section */

/* Begin PBXNativeTarget section */
		8788C38A2629ECDB0084A1F8 /* Sandwiches (iOS) */ = {
			isa = PBXNativeTarget;
			buildConfigurationList = 8788C3B52629ECDB0084A1F8 /* Build configuration list for PBXNativeTarget "Sandwiches (iOS)" */;
			buildPhases = (
				8788C3872629ECDB0084A1F8 /* Sources */,
				8788C3882629ECDB0084A1F8 /* Frameworks */,
				8788C3892629ECDB0084A1F8 /* Resources */,
			);
			buildRules = (
			);
			dependencies = (
			);
			name = "Sandwiches (iOS)";
			productName = "Sandwiches (iOS)";
			productReference = 8788C38B2629ECDB0084A1F8 /* Sandwiches.app */;
			productType = "com.apple.product-type.application";
		};
		8788C3922629ECDB0084A1F8 /* Sandwiches (macOS) */ = {
			isa = PBXNativeTarget;
			buildConfigurationList = 8788C3B82629ECDB0084A1F8 /* Build configuration list for PBXNativeTarget "Sandwiches (macOS)" */;
			buildPhases = (
				8788C38F2629ECDB0084A1F8 /* Sources */,
				8788C3902629ECDB0084A1F8 /* Frameworks */,
				8788C3912629ECDB0084A1F8 /* Resources */,
			);
			buildRules = (
			);
			dependencies = (
			);
			name = "Sandwiches (macOS)";
			productName = "Sandwiches (macOS)";
			productReference = 8788C3932629ECDB0084A1F8 /* Sandwiches.app */;
			productType = "com.apple.product-type.application";
		};
		8788C39A2629ECDB0084A1F8 /* Tests iOS */ = {
			isa = PBXNativeTarget;
			buildConfigurationList = 8788C3BB2629ECDB0084A1F8 /* Build configuration list for PBXNativeTarget "Tests iOS" */;
			buildPhases = (
				8788C3972629ECDB0084A1F8 /* Sources */,
				8788C3982629ECDB0084A1F8 /* Frameworks */,
				8788C3992629ECDB0084A1F8 /* Resources */,
			);
			buildRules = (
			);
			dependencies = (
				8788C39D2629ECDB0084A1F8 /* PBXTargetDependency */,
			);
			name = "Tests iOS";
			productName = "Tests iOS";
			productReference = 8788C39B2629ECDB0084A1F8 /* Tests iOS.xctest */;
			productType = "com.apple.product-type.bundle.ui-testing";
		};
		8788C3A52629ECDB0084A1F8 /* Tests macOS */ = {
			isa = PBXNativeTarget;
			buildConfigurationList = 8788C3BE2629ECDB0084A1F8 /* Build configuration list for PBXNativeTarget "Tests macOS" */;
			buildPhases = (
				8788C3A22629ECDB0084A1F8 /* Sources */,
				8788C3A32629ECDB0084A1F8 /* Frameworks */,
				8788C3A42629ECDB0084A1F8 /* Resources */,
			);
			buildRules = (
			);
			dependencies = (
				8788C3A82629ECDB0084A1F8 /* PBXTargetDependency */,
			);
			name = "Tests macOS";
			productName = "Tests macOS";
			productReference = 8788C3A62629ECDB0084A1F8 /* Tests macOS.xctest */;
			productType = "com.apple.product-type.bundle.ui-testing";
		};
/* End PBXNativeTarget section */

/* Begin PBXProject section */
		8788C37F2629ECD30084A1F8 /* Project object */ = {
			isa = PBXProject;
			attributes = {
				LastSwiftUpdateCheck = 1240;
				LastUpgradeCheck = 1240;
				TargetAttributes = {
					8788C38A2629ECDB0084A1F8 = {
						CreatedOnToolsVersion = 12.4;
					};
					8788C3922629ECDB0084A1F8 = {
						CreatedOnToolsVersion = 12.4;
					};
					8788C39A2629ECDB0084A1F8 = {
						CreatedOnToolsVersion = 12.4;
						TestTargetID = 8788C38A2629ECDB0084A1F8;
					};
					8788C3A52629ECDB0084A1F8 = {
						CreatedOnToolsVersion = 12.4;
						TestTargetID = 8788C3922629ECDB0084A1F8;
					};
				};
			};
			buildConfigurationList = 8788C3822629ECD30084A1F8 /* Build configuration list for PBXProject "Sandwiches" */;
			compatibilityVersion = "Xcode 9.3";
			developmentRegion = en;
			hasScannedForEncodings = 0;
			knownRegions = (
				en,
				Base,
			);
			mainGroup = 8788C37E2629ECD30084A1F8;
			productRefGroup = 8788C38C2629ECDB0084A1F8 /* Products */;
			projectDirPath = "";
			projectRoot = "";
			targets = (
				8788C38A2629ECDB0084A1F8 /* Sandwiches (iOS) */,
				8788C3922629ECDB0084A1F8 /* Sandwiches (macOS) */,
				8788C39A2629ECDB0084A1F8 /* Tests iOS */,
				8788C3A52629ECDB0084A1F8 /* Tests macOS */,
			);
		};
/* End PBXProject section */

/* Begin PBXResourcesBuildPhase section */
		8788C3892629ECDB0084A1F8 /* Resources */ = {
			isa = PBXResourcesBuildPhase;
			buildActionMask = 2147483647;
			files = (
				8788C3CD2629F1AC0084A1F8 /* Sandwiches.xcassets in Resources */,
			);
			runOnlyForDeploymentPostprocessing = 0;
		};
		8788C3912629ECDB0084A1F8 /* Resources */ = {
			isa = PBXResourcesBuildPhase;
			buildActionMask = 2147483647;
			files = (
				8788C3CE2629F1AC0084A1F8 /* Sandwiches.xcassets in Resources */,
			);
			runOnlyForDeploymentPostprocessing = 0;
		};
		8788C3992629ECDB0084A1F8 /* Resources */ = {
			isa = PBXResourcesBuildPhase;
			buildActionMask = 2147483647;
			files = (
			);
			runOnlyForDeploymentPostprocessing = 0;
		};
		8788C3A42629ECDB0084A1F8 /* Resources */ = {
			isa = PBXResourcesBuildPhase;
			buildActionMask = 2147483647;
			files = (
			);
			runOnlyForDeploymentPostprocessing = 0;
		};
/* End PBXResourcesBuildPhase section */

/* Begin PBXSourcesBuildPhase section */
		8788C3872629ECDB0084A1F8 /* Sources */ = {
			isa = PBXSourcesBuildPhase;
			buildActionMask = 2147483647;
			files = (
				879C3335262F4F100027DB0C /* SandwichStore.swift in Sources */,
				8788C3AF2629ECDB0084A1F8 /* ContentView.swift in Sources */,
				8788C3AD2629ECDB0084A1F8 /* SandwichesApp.swift in Sources */,
				8788C3C62629EFC70084A1F8 /* Sandwich.swift in Sources */,
				8788C3E7262C82050084A1F8 /* SandwichDetail.swift in Sources */,
			);
			runOnlyForDeploymentPostprocessing = 0;
		};
		8788C38F2629ECDB0084A1F8 /* Sources */ = {
			isa = PBXSourcesBuildPhase;
			buildActionMask = 2147483647;
			files = (
				879C3336262F4F100027DB0C /* SandwichStore.swift in Sources */,
				8788C3B02629ECDB0084A1F8 /* ContentView.swift in Sources */,
				8788C3AE2629ECDB0084A1F8 /* SandwichesApp.swift in Sources */,
				8788C3C72629EFC70084A1F8 /* Sandwich.swift in Sources */,
				8788C3E8262C82050084A1F8 /* SandwichDetail.swift in Sources */,
			);
			runOnlyForDeploymentPostprocessing = 0;
		};
		8788C3972629ECDB0084A1F8 /* Sources */ = {
			isa = PBXSourcesBuildPhase;
			buildActionMask = 2147483647;
			files = (
				8788C3A02629ECDB0084A1F8 /* Tests_iOS.swift in Sources */,
			);
			runOnlyForDeploymentPostprocessing = 0;
		};
		8788C3A22629ECDB0084A1F8 /* Sources */ = {
			isa = PBXSourcesBuildPhase;
			buildActionMask = 2147483647;
			files = (
				8788C3AB2629ECDB0084A1F8 /* Tests_macOS.swift in Sources */,
			);
			runOnlyForDeploymentPostprocessing = 0;
		};
/* End PBXSourcesBuildPhase section */

/* Begin PBXTargetDependency section */
		8788C39D2629ECDB0084A1F8 /* PBXTargetDependency */ = {
			isa = PBXTargetDependency;
			target = 8788C38A2629ECDB0084A1F8 /* Sandwiches (iOS) */;
			targetProxy = 8788C39C2629ECDB0084A1F8 /* PBXContainerItemProxy */;
		};
		8788C3A82629ECDB0084A1F8 /* PBXTargetDependency */ = {
			isa = PBXTargetDependency;
			target = 8788C3922629ECDB0084A1F8 /* Sandwiches (macOS) */;
			targetProxy = 8788C3A72629ECDB0084A1F8 /* PBXContainerItemProxy */;
		};
/* End PBXTargetDependency section */

/* Begin XCBuildConfiguration section */
		8788C3B32629ECDB0084A1F8 /* Debug */ = {
			isa = XCBuildConfiguration;
			buildSettings = {
				ALWAYS_SEARCH_USER_PATHS = NO;
				CLANG_ANALYZER_NONNULL = YES;
				CLANG_ANALYZER_NUMBER_OBJECT_CONVERSION = YES_AGGRESSIVE;
				CLANG_CXX_LANGUAGE_STANDARD = "gnu++14";
				CLANG_CXX_LIBRARY = "libc++";
				CLANG_ENABLE_MODULES = YES;
				CLANG_ENABLE_OBJC_ARC = YES;
				CLANG_ENABLE_OBJC_WEAK = YES;
				CLANG_WARN_BLOCK_CAPTURE_AUTORELEASING = YES;
				CLANG_WARN_BOOL_CONVERSION = YES;
				CLANG_WARN_COMMA = YES;
				CLANG_WARN_CONSTANT_CONVERSION = YES;
				CLANG_WARN_DEPRECATED_OBJC_IMPLEMENTATIONS = YES;
				CLANG_WARN_DIRECT_OBJC_ISA_USAGE = YES_ERROR;
				CLANG_WARN_DOCUMENTATION_COMMENTS = YES;
				CLANG_WARN_EMPTY_BODY = YES;
				CLANG_WARN_ENUM_CONVERSION = YES;
				CLANG_WARN_INFINITE_RECURSION = YES;
				CLANG_WARN_INT_CONVERSION = YES;
				CLANG_WARN_NON_LITERAL_NULL_CONVERSION = YES;
				CLANG_WARN_OBJC_IMPLICIT_RETAIN_SELF = YES;
				CLANG_WARN_OBJC_LITERAL_CONVERSION = YES;
				CLANG_WARN_OBJC_ROOT_CLASS = YES_ERROR;
				CLANG_WARN_QUOTED_INCLUDE_IN_FRAMEWORK_HEADER = YES;
				CLANG_WARN_RANGE_LOOP_ANALYSIS = YES;
				CLANG_WARN_STRICT_PROTOTYPES = YES;
				CLANG_WARN_SUSPICIOUS_MOVE = YES;
				CLANG_WARN_UNGUARDED_AVAILABILITY = YES_AGGRESSIVE;
				CLANG_WARN_UNREACHABLE_CODE = YES;
				CLANG_WARN__DUPLICATE_METHOD_MATCH = YES;
				COPY_PHASE_STRIP = NO;
				DEBUG_INFORMATION_FORMAT = dwarf;
				ENABLE_STRICT_OBJC_MSGSEND = YES;
				ENABLE_TESTABILITY = YES;
				GCC_C_LANGUAGE_STANDARD = gnu11;
				GCC_DYNAMIC_NO_PIC = NO;
				GCC_NO_COMMON_BLOCKS = YES;
				GCC_OPTIMIZATION_LEVEL = 0;
				GCC_PREPROCESSOR_DEFINITIONS = (
					"DEBUG=1",
					"$(inherited)",
				);
				GCC_WARN_64_TO_32_BIT_CONVERSION = YES;
				GCC_WARN_ABOUT_RETURN_TYPE = YES_ERROR;
				GCC_WARN_UNDECLARED_SELECTOR = YES;
				GCC_WARN_UNINITIALIZED_AUTOS = YES_AGGRESSIVE;
				GCC_WARN_UNUSED_FUNCTION = YES;
				GCC_WARN_UNUSED_VARIABLE = YES;
				MTL_ENABLE_DEBUG_INFO = INCLUDE_SOURCE;
				MTL_FAST_MATH = YES;
				ONLY_ACTIVE_ARCH = YES;
				SWIFT_ACTIVE_COMPILATION_CONDITIONS = DEBUG;
				SWIFT_OPTIMIZATION_LEVEL = "-Onone";
			};
			name = Debug;
		};
		8788C3B42629ECDB0084A1F8 /* Release */ = {
			isa = XCBuildConfiguration;
			buildSettings = {
				ALWAYS_SEARCH_USER_PATHS = NO;
				CLANG_ANALYZER_NONNULL = YES;
				CLANG_ANALYZER_NUMBER_OBJECT_CONVERSION = YES_AGGRESSIVE;
				CLANG_CXX_LANGUAGE_STANDARD = "gnu++14";
				CLANG_CXX_LIBRARY = "libc++";
				CLANG_ENABLE_MODULES = YES;
				CLANG_ENABLE_OBJC_ARC = YES;
				CLANG_ENABLE_OBJC_WEAK = YES;
				CLANG_WARN_BLOCK_CAPTURE_AUTORELEASING = YES;
				CLANG_WARN_BOOL_CONVERSION = YES;
				CLANG_WARN_COMMA = YES;
				CLANG_WARN_CONSTANT_CONVERSION = YES;
				CLANG_WARN_DEPRECATED_OBJC_IMPLEMENTATIONS = YES;
				CLANG_WARN_DIRECT_OBJC_ISA_USAGE = YES_ERROR;
				CLANG_WARN_DOCUMENTATION_COMMENTS = YES;
				CLANG_WARN_EMPTY_BODY = YES;
				CLANG_WARN_ENUM_CONVERSION = YES;
				CLANG_WARN_INFINITE_RECURSION = YES;
				CLANG_WARN_INT_CONVERSION = YES;
				CLANG_WARN_NON_LITERAL_NULL_CONVERSION = YES;
				CLANG_WARN_OBJC_IMPLICIT_RETAIN_SELF = YES;
				CLANG_WARN_OBJC_LITERAL_CONVERSION = YES;
				CLANG_WARN_OBJC_ROOT_CLASS = YES_ERROR;
				CLANG_WARN_QUOTED_INCLUDE_IN_FRAMEWORK_HEADER = YES;
				CLANG_WARN_RANGE_LOOP_ANALYSIS = YES;
				CLANG_WARN_STRICT_PROTOTYPES = YES;
				CLANG_WARN_SUSPICIOUS_MOVE = YES;
				CLANG_WARN_UNGUARDED_AVAILABILITY = YES_AGGRESSIVE;
				CLANG_WARN_UNREACHABLE_CODE = YES;
				CLANG_WARN__DUPLICATE_METHOD_MATCH = YES;
				COPY_PHASE_STRIP = NO;
				DEBUG_INFORMATION_FORMAT = "dwarf-with-dsym";
				ENABLE_NS_ASSERTIONS = NO;
				ENABLE_STRICT_OBJC_MSGSEND = YES;
				GCC_C_LANGUAGE_STANDARD = gnu11;
				GCC_NO_COMMON_BLOCKS = YES;
				GCC_WARN_64_TO_32_BIT_CONVERSION = YES;
				GCC_WARN_ABOUT_RETURN_TYPE = YES_ERROR;
				GCC_WARN_UNDECLARED_SELECTOR = YES;
				GCC_WARN_UNINITIALIZED_AUTOS = YES_AGGRESSIVE;
				GCC_WARN_UNUSED_FUNCTION = YES;
				GCC_WARN_UNUSED_VARIABLE = YES;
				MTL_ENABLE_DEBUG_INFO = NO;
				MTL_FAST_MATH = YES;
				SWIFT_COMPILATION_MODE = wholemodule;
				SWIFT_OPTIMIZATION_LEVEL = "-O";
			};
			name = Release;
		};
		8788C3B62629ECDB0084A1F8 /* Debug */ = {
			isa = XCBuildConfiguration;
			buildSettings = {
				ASSETCATALOG_COMPILER_APPICON_NAME = AppIcon;
				ASSETCATALOG_COMPILER_GLOBAL_ACCENT_COLOR_NAME = AccentColor;
				CODE_SIGN_STYLE = Automatic;
				DEVELOPMENT_TEAM = AY754342N2;
				ENABLE_PREVIEWS = YES;
				INFOPLIST_FILE = iOS/Info.plist;
				IPHONEOS_DEPLOYMENT_TARGET = 14.0;
				LD_RUNPATH_SEARCH_PATHS = (
					"$(inherited)",
					"@executable_path/Frameworks",
				);
				PRODUCT_BUNDLE_IDENTIFIER = millson.Sandwiches;
				PRODUCT_NAME = Sandwiches;
				SDKROOT = iphoneos;
				SWIFT_VERSION = 5.0;
				TARGETED_DEVICE_FAMILY = "1,2";
			};
			name = Debug;
		};
		8788C3B72629ECDB0084A1F8 /* Release */ = {
			isa = XCBuildConfiguration;
			buildSettings = {
				ASSETCATALOG_COMPILER_APPICON_NAME = AppIcon;
				ASSETCATALOG_COMPILER_GLOBAL_ACCENT_COLOR_NAME = AccentColor;
				CODE_SIGN_STYLE = Automatic;
				DEVELOPMENT_TEAM = AY754342N2;
				ENABLE_PREVIEWS = YES;
				INFOPLIST_FILE = iOS/Info.plist;
				IPHONEOS_DEPLOYMENT_TARGET = 14.0;
				LD_RUNPATH_SEARCH_PATHS = (
					"$(inherited)",
					"@executable_path/Frameworks",
				);
				PRODUCT_BUNDLE_IDENTIFIER = millson.Sandwiches;
				PRODUCT_NAME = Sandwiches;
				SDKROOT = iphoneos;
				SWIFT_VERSION = 5.0;
				TARGETED_DEVICE_FAMILY = "1,2";
				VALIDATE_PRODUCT = YES;
			};
			name = Release;
		};
		8788C3B92629ECDB0084A1F8 /* Debug */ = {
			isa = XCBuildConfiguration;
			buildSettings = {
				ASSETCATALOG_COMPILER_APPICON_NAME = AppIcon;
				ASSETCATALOG_COMPILER_GLOBAL_ACCENT_COLOR_NAME = AccentColor;
				CODE_SIGN_ENTITLEMENTS = macOS/macOS.entitlements;
				CODE_SIGN_STYLE = Automatic;
				COMBINE_HIDPI_IMAGES = YES;
				DEVELOPMENT_TEAM = AY754342N2;
				ENABLE_HARDENED_RUNTIME = YES;
				ENABLE_PREVIEWS = YES;
				INFOPLIST_FILE = macOS/Info.plist;
				LD_RUNPATH_SEARCH_PATHS = (
					"$(inherited)",
					"@executable_path/../Frameworks",
				);
				MACOSX_DEPLOYMENT_TARGET = 11.0;
				PRODUCT_BUNDLE_IDENTIFIER = millson.Sandwiches;
				PRODUCT_NAME = Sandwiches;
				SDKROOT = macosx;
				SWIFT_VERSION = 5.0;
			};
			name = Debug;
		};
		8788C3BA2629ECDB0084A1F8 /* Release */ = {
			isa = XCBuildConfiguration;
			buildSettings = {
				ASSETCATALOG_COMPILER_APPICON_NAME = AppIcon;
				ASSETCATALOG_COMPILER_GLOBAL_ACCENT_COLOR_NAME = AccentColor;
				CODE_SIGN_ENTITLEMENTS = macOS/macOS.entitlements;
				CODE_SIGN_STYLE = Automatic;
				COMBINE_HIDPI_IMAGES = YES;
				DEVELOPMENT_TEAM = AY754342N2;
				ENABLE_HARDENED_RUNTIME = YES;
				ENABLE_PREVIEWS = YES;
				INFOPLIST_FILE = macOS/Info.plist;
				LD_RUNPATH_SEARCH_PATHS = (
					"$(inherited)",
					"@executable_path/../Frameworks",
				);
				MACOSX_DEPLOYMENT_TARGET = 11.0;
				PRODUCT_BUNDLE_IDENTIFIER = millson.Sandwiches;
				PRODUCT_NAME = Sandwiches;
				SDKROOT = macosx;
				SWIFT_VERSION = 5.0;
			};
			name = Release;
		};
		8788C3BC2629ECDB0084A1F8 /* Debug */ = {
			isa = XCBuildConfiguration;
			buildSettings = {
				ALWAYS_EMBED_SWIFT_STANDARD_LIBRARIES = YES;
				CODE_SIGN_STYLE = Automatic;
				DEVELOPMENT_TEAM = AY754342N2;
				INFOPLIST_FILE = "Tests iOS/Info.plist";
				IPHONEOS_DEPLOYMENT_TARGET = 14.4;
				LD_RUNPATH_SEARCH_PATHS = (
					"$(inherited)",
					"@executable_path/Frameworks",
					"@loader_path/Frameworks",
				);
				PRODUCT_BUNDLE_IDENTIFIER = "millson.Tests-iOS";
				PRODUCT_NAME = "$(TARGET_NAME)";
				SDKROOT = iphoneos;
				SWIFT_VERSION = 5.0;
				TARGETED_DEVICE_FAMILY = "1,2";
				TEST_TARGET_NAME = "Sandwiches (iOS)";
			};
			name = Debug;
		};
		8788C3BD2629ECDB0084A1F8 /* Release */ = {
			isa = XCBuildConfiguration;
			buildSettings = {
				ALWAYS_EMBED_SWIFT_STANDARD_LIBRARIES = YES;
				CODE_SIGN_STYLE = Automatic;
				DEVELOPMENT_TEAM = AY754342N2;
				INFOPLIST_FILE = "Tests iOS/Info.plist";
				IPHONEOS_DEPLOYMENT_TARGET = 14.4;
				LD_RUNPATH_SEARCH_PATHS = (
					"$(inherited)",
					"@executable_path/Frameworks",
					"@loader_path/Frameworks",
				);
				PRODUCT_BUNDLE_IDENTIFIER = "millson.Tests-iOS";
				PRODUCT_NAME = "$(TARGET_NAME)";
				SDKROOT = iphoneos;
				SWIFT_VERSION = 5.0;
				TARGETED_DEVICE_FAMILY = "1,2";
				TEST_TARGET_NAME = "Sandwiches (iOS)";
				VALIDATE_PRODUCT = YES;
			};
			name = Release;
		};
		8788C3BF2629ECDB0084A1F8 /* Debug */ = {
			isa = XCBuildConfiguration;
			buildSettings = {
				ALWAYS_EMBED_SWIFT_STANDARD_LIBRARIES = YES;
				CODE_SIGN_STYLE = Automatic;
				COMBINE_HIDPI_IMAGES = YES;
				DEVELOPMENT_TEAM = AY754342N2;
				INFOPLIST_FILE = "Tests macOS/Info.plist";
				LD_RUNPATH_SEARCH_PATHS = (
					"$(inherited)",
					"@executable_path/../Frameworks",
					"@loader_path/../Frameworks",
				);
				MACOSX_DEPLOYMENT_TARGET = 11.1;
				PRODUCT_BUNDLE_IDENTIFIER = "millson.Tests-macOS";
				PRODUCT_NAME = "$(TARGET_NAME)";
				SDKROOT = macosx;
				SWIFT_VERSION = 5.0;
				TEST_TARGET_NAME = "Sandwiches (macOS)";
			};
			name = Debug;
		};
		8788C3C02629ECDB0084A1F8 /* Release */ = {
			isa = XCBuildConfiguration;
			buildSettings = {
				ALWAYS_EMBED_SWIFT_STANDARD_LIBRARIES = YES;
				CODE_SIGN_STYLE = Automatic;
				COMBINE_HIDPI_IMAGES = YES;
				DEVELOPMENT_TEAM = AY754342N2;
				INFOPLIST_FILE = "Tests macOS/Info.plist";
				LD_RUNPATH_SEARCH_PATHS = (
					"$(inherited)",
					"@executable_path/../Frameworks",
					"@loader_path/../Frameworks",
				);
				MACOSX_DEPLOYMENT_TARGET = 11.1;
				PRODUCT_BUNDLE_IDENTIFIER = "millson.Tests-macOS";
				PRODUCT_NAME = "$(TARGET_NAME)";
				SDKROOT = macosx;
				SWIFT_VERSION = 5.0;
				TEST_TARGET_NAME = "Sandwiches (macOS)";
			};
			name = Release;
		};
/* End XCBuildConfiguration section */

/* Begin XCConfigurationList section */
		8788C3822629ECD30084A1F8 /* Build configuration list for PBXProject "Sandwiches" */ = {
			isa = XCConfigurationList;
			buildConfigurations = (
				8788C3B32629ECDB0084A1F8 /* Debug */,
				8788C3B42629ECDB0084A1F8 /* Release */,
			);
			defaultConfigurationIsVisible = 0;
			defaultConfigurationName = Release;
		};
		8788C3B52629ECDB0084A1F8 /* Build configuration list for PBXNativeTarget "Sandwiches (iOS)" */ = {
			isa = XCConfigurationList;
			buildConfigurations = (
				8788C3B62629ECDB0084A1F8 /* Debug */,
				8788C3B72629ECDB0084A1F8 /* Release */,
			);
			defaultConfigurationIsVisible = 0;
			defaultConfigurationName = Release;
		};
		8788C3B82629ECDB0084A1F8 /* Build configuration list for PBXNativeTarget "Sandwiches (macOS)" */ = {
			isa = XCConfigurationList;
			buildConfigurations = (
				8788C3B92629ECDB0084A1F8 /* Debug */,
				8788C3BA2629ECDB0084A1F8 /* Release */,
			);
			defaultConfigurationIsVisible = 0;
			defaultConfigurationName = Release;
		};
		8788C3BB2629ECDB0084A1F8 /* Build configuration list for PBXNativeTarget "Tests iOS" */ = {
			isa = XCConfigurationList;
			buildConfigurations = (
				8788C3BC2629ECDB0084A1F8 /* Debug */,
				8788C3BD2629ECDB0084A1F8 /* Release */,
			);
			defaultConfigurationIsVisible = 0;
			defaultConfigurationName = Release;
		};
		8788C3BE2629ECDB0084A1F8 /* Build configuration list for PBXNativeTarget "Tests macOS" */ = {
			isa = XCConfigurationList;
			buildConfigurations = (
				8788C3BF2629ECDB0084A1F8 /* Debug */,
				8788C3C02629ECDB0084A1F8 /* Release */,
			);
			defaultConfigurationIsVisible = 0;
			defaultConfigurationName = Release;
		};
/* End XCConfigurationList section */
	};
	rootObject = 8788C37F2629ECD30084A1F8 /* Project object */;
}
